# THIS IS AN AUTOGENERATED FILE. DO NOT EDIT THIS FILE DIRECTLY.
# yarn lockfile v1


baguettebox.js@^1.11.0:
  version "1.11.0"
  resolved "https://registry.yarnpkg.com/baguettebox.js/-/baguettebox.js-1.11.0.tgz#38b4e478dc91cad9e19060a15b19aae94724728d"
  integrity sha512-4IEXDE2Yje3o8nOdGoonxOfpiveXfF6YV4ggV04ky/pMquH/cKM1Tv7LeD3QPH6RK72V6c+oRFFLnrMc4xO5Cg==

headroom.js@^0.9.4:
  version "0.9.4"
  resolved "https://registry.yarnpkg.com/headroom.js/-/headroom.js-0.9.4.tgz#0c4e6b4563bb69df55aecdefaba3227566f2df5a"
  integrity sha1-DE5rRWO7ad9Vrs3vq6MidWby31o=

normalize.css@^8.0.0:
  version "8.0.0"
  resolved "https://registry.yarnpkg.com/normalize.css/-/normalize.css-8.0.0.tgz#14ac5e461612538a4ce9be90a7da23f86e718493"
  integrity sha512-iXcbM3NWr0XkNyfiSBsoPezi+0V92P9nj84yVV1/UZxRUrGczgX/X91KMAGM0omWLY2+2Q1gKD/XRn4gQRDB2A==

typi@^3.2.0:
  version "3.2.0"
  resolved "https://registry.yarnpkg.com/typi/-/typi-3.2.0.tgz#2d8c3852192d8b8d7021ea10f703de6442849a7f"
  integrity sha1-LYw4Uhkti41wIeoQ9wPeZEKEmn8=

vanilla-lazyload@^10.18.0:
  version "10.18.0"
  resolved "https://registry.yarnpkg.com/vanilla-lazyload/-/vanilla-lazyload-10.18.0.tgz#55b262d9221ed160bba11587e6ec851a37ac30e6"
  integrity sha512-PX8SuHCPzjL7B3ral1WhCtYNYwB2jqPF26TQ68xtW6TAPezYiCnugZWkFF5xSWG4zTcIMUIPXGSw564mxw6Pnw==
